
Microsoft Visual Studio Solution File, Format Version 12.00
# Visual Studio 2012
Project("{FAE04EC0-301F-11D3-BF4B-00C04F79EFBC}") = "sbtc", "sbtc\sbtc.csproj", "{EE1654A9-D5C2-4D23-885C-357790F9707D}"
EndProject
Global
	GlobalSection(SolutionConfigurationPlatforms) = preSolution
		Debug|Any CPU = Debug|Any CPU
		Release|Any CPU = Release|Any CPU
	EndGlobalSection
	GlobalSection(ProjectConfigurationPlatforms) = postSolution
		{EE1654A9-D5C2-4D23-885C-357790F9707D}.Debug|Any CPU.ActiveCfg = Debug|Any CPU
		{EE1654A9-D5C2-4D23-885C-357790F9707D}.Debug|Any CPU.Build.0 = Debug|Any CPU
		{EE1654A9-D5C2-4D23-885C-357790F9707D}.Release|Any CPU.ActiveCfg = Release|Any CPU
		{EE1654A9-D5C2-4D23-885C-357790F9707D}.Release|Any CPU.Build.0 = Release|Any CPU
	EndGlobalSection
	GlobalSection(SolutionProperties) = preSolution
		HideSolutionNode = FALSE
	EndGlobalSection
EndGlobal
